{
  "schema": "tiny_runtime_bundle_lock_v1",
  "dependencies": {
    "openclaw": {
      "type": "npm",
      "package": "openclaw",
      "ref": "2026.6.8",
      "resolved": "openclaw@2026.6.8"
    },
    "tinyhat_openclaw_plugin": {
      "type": "git",
      "repo": "https://github.com/tinyhat-ai/tinyhat.git",
      "ref": "676e6d878b58a2da8453573fa4b389fca32bc0a9"
    }
  }
}
